<?xml version="1.0" encoding="utf-8"?>
<Project ToolsVersion="4.0" xmlns="http://schemas.microsoft.com/developer/msbuild/2003">
  <ItemGroup>
    <Filter Include="src">
      <UniqueIdentifier>{4FC737F1-C7A5-4376-A066-2A32D752A2FF}</UniqueIdentifier>
      <Extensions>cpp;c;cc;cxx;def;odl;idl;hpj;bat;asm;asmx</Extensions>
    </Filter>
    <Filter Include="src\Actors">
      <UniqueIdentifier>{3bde7b78-fd4b-4f63-9f6d-50243af47fc2}</UniqueIdentifier>
    </Filter>
    <Filter Include="src\Actors\header">
      <UniqueIdentifier>{082e2c9e-2e26-4001-992c-8465459a9f2e}</UniqueIdentifier>
    </Filter>
    <Filter Include="src\Actors\source">
      <UniqueIdentifier>{aaf2d666-21b5-4493-a329-a64d22f2a077}</UniqueIdentifier>
    </Filter>
    <Filter Include="src\Components">
      <UniqueIdentifier>{aab29538-2f2b-4a40-a84e-b6550817f594}</UniqueIdentifier>
    </Filter>
    <Filter Include="src\Components\header">
      <UniqueIdentifier>{9aca2901-c99f-4a98-8a49-46912d1d2547}</UniqueIdentifier>
    </Filter>
    <Filter Include="src\Components\source">
      <UniqueIdentifier>{4cf7fd69-f9aa-4f12-815e-13f261f4ec5e}</UniqueIdentifier>
    </Filter>
    <Filter Include="src\Utils">
      <UniqueIdentifier>{d016decc-7969-4e62-8041-4274074b25ae}</UniqueIdentifier>
    </Filter>
    <Filter Include="src\Utils\header">
      <UniqueIdentifier>{43309c7b-8d92-443e-9bde-673f897c558b}</UniqueIdentifier>
    </Filter>
    <Filter Include="src\Utils\source">
      <UniqueIdentifier>{3a0d823a-9386-481e-9338-da68c316ded2}</UniqueIdentifier>
    </Filter>
  </ItemGroup>
  <ItemGroup>
    <ClCompile Include="Game.cpp">
      <Filter>src</Filter>
    </ClCompile>
    <ClCompile Include="Main.cpp">
      <Filter>src</Filter>
    </ClCompile>
    <ClCompile Include="Actor.cpp">
      <Filter>src\Actors\source</Filter>
    </ClCompile>
    <ClCompile Include="Character.cpp">
      <Filter>src\Actors\source</Filter>
    </ClCompile>
    <ClCompile Include="CircleComponent.cpp">
      <Filter>src\Components\source</Filter>
    </ClCompile>
    <ClCompile Include="Component.cpp">
      <Filter>src\Components\source</Filter>
    </ClCompile>
    <ClCompile Include="InputComponent.cpp">
      <Filter>src\Components\source</Filter>
    </ClCompile>
    <ClCompile Include="Math.cpp">
      <Filter>src\Utils\source</Filter>
    </ClCompile>
    <ClCompile Include="MoveComponent.cpp">
      <Filter>src\Components\source</Filter>
    </ClCompile>
    <ClCompile Include="Random.cpp">
      <Filter>src\Utils\source</Filter>
    </ClCompile>
    <ClCompile Include="SpriteComponent.cpp">
      <Filter>src\Components\source</Filter>
    </ClCompile>
    <ClCompile Include="Special.cpp">
      <Filter>src\Actors\source</Filter>
    </ClCompile>
    <ClCompile Include="BoundingBoxComponent.cpp">
      <Filter>src\Components\source</Filter>
    </ClCompile>
    <ClCompile Include="Colision.cpp">
      <Filter>src\Utils\source</Filter>
    </ClCompile>
  </ItemGroup>
  <ItemGroup>
    <ClInclude Include="Game.h">
      <Filter>src</Filter>
    </ClInclude>
    <ClInclude Include="Actor.h">
      <Filter>src\Actors\header</Filter>
    </ClInclude>
    <ClInclude Include="Character.h">
      <Filter>src\Actors\header</Filter>
    </ClInclude>
    <ClInclude Include="CircleComponent.h">
      <Filter>src\Components\header</Filter>
    </ClInclude>
    <ClInclude Include="Component.h">
      <Filter>src\Components\header</Filter>
    </ClInclude>
    <ClInclude Include="InputComponent.h">
      <Filter>src\Components\header</Filter>
    </ClInclude>
    <ClInclude Include="Math.h">
      <Filter>src\Utils\header</Filter>
    </ClInclude>
    <ClInclude Include="MoveComponent.h">
      <Filter>src\Components\header</Filter>
    </ClInclude>
    <ClInclude Include="Random.h">
      <Filter>src\Utils\header</Filter>
    </ClInclude>
    <ClInclude Include="SpriteComponent.h">
      <Filter>src\Components\header</Filter>
    </ClInclude>
    <ClInclude Include="Special.h">
      <Filter>src\Actors\header</Filter>
    </ClInclude>
    <ClInclude Include="BoundingBoxComponent.h">
      <Filter>src\Components\header</Filter>
    </ClInclude>
    <ClInclude Include="Colision.h">
      <Filter>src\Utils\header</Filter>
    </ClInclude>
  </ItemGroup>
</Project>